// !$*UTF8*$!
{
	archiveVersion = 1;
	classes = {
	};
	objectVersion = 56;
	objects = {

/* Begin PBXBuildFile section */
		5D65B05E2C4615C600CC6D9C /* AppDelegate.swift in Sources */ = {isa = PBXBuildFile; fileRef = 5D65B05D2C4615C600CC6D9C /* AppDelegate.swift */; };
		5D65B0602C4615C600CC6D9C /* SceneDelegate.swift in Sources */ = {isa = PBXBuildFile; fileRef = 5D65B05F2C4615C600CC6D9C /* SceneDelegate.swift */; };
		5D65B0622C4615C600CC6D9C /* ViewController.swift in Sources */ = {isa = PBXBuildFile; fileRef = 5D65B0612C4615C600CC6D9C /* ViewController.swift */; };
		5D65B0652C4615C600CC6D9C /* Base in Resources */ = {isa = PBXBuildFile; fileRef = 5D65B0642C4615C600CC6D9C /* Base */; };
		5D65B0682C4615C600CC6D9C /* CoreData_Basic_Save_Fetch_Example.xcdatamodeld in Sources */ = {isa = PBXBuildFile; fileRef = 5D65B0662C4615C600CC6D9C /* CoreData_Basic_Save_Fetch_Example.xcdatamodeld */; };
		5D65B06A2C4615C800CC6D9C /* Assets.xcassets in Resources */ = {isa = PBXBuildFile; fileRef = 5D65B0692C4615C800CC6D9C /* Assets.xcassets */; };
		5D65B06D2C4615C800CC6D9C /* Base in Resources */ = {isa = PBXBuildFile; fileRef = 5D65B06C2C4615C800CC6D9C /* Base */; };
		5D65B0762C46169300CC6D9C /* ChildrenData+CoreDataClass.swift in Sources */ = {isa = PBXBuildFile; fileRef = 5D65B0742C46169300CC6D9C /* ChildrenData+CoreDataClass.swift */; };
		5D65B0772C46169300CC6D9C /* ChildrenData+CoreDataProperties.swift in Sources */ = {isa = PBXBuildFile; fileRef = 5D65B0752C46169300CC6D9C /* ChildrenData+CoreDataProperties.swift */; };
/* End PBXBuildFile section */

/* Begin PBXFileReference section */
		5D65B05A2C4615C600CC6D9C /* CoreData Basic Save Fetch Example.app */ = {isa = PBXFileReference; explicitFileType = wrapper.application; includeInIndex = 0; path = "CoreData Basic Save Fetch Example.app"; sourceTree = BUILT_PRODUCTS_DIR; };
		5D65B05D2C4615C600CC6D9C /* AppDelegate.swift */ = {isa = PBXFileReference; lastKnownFileType = sourcecode.swift; path = AppDelegate.swift; sourceTree = "<group>"; };
		5D65B05F2C4615C600CC6D9C /* SceneDelegate.swift */ = {isa = PBXFileReference; lastKnownFileType = sourcecode.swift; path = SceneDelegate.swift; sourceTree = "<group>"; };
		5D65B0612C4615C600CC6D9C /* ViewController.swift */ = {isa = PBXFileReference; lastKnownFileType = sourcecode.swift; path = ViewController.swift; sourceTree = "<group>"; };
		5D65B0642C4615C600CC6D9C /* Base */ = {isa = PBXFileReference; lastKnownFileType = file.storyboard; name = Base; path = Base.lproj/Main.storyboard; sourceTree = "<group>"; };
		5D65B0672C4615C600CC6D9C /* CoreData_Basic_Save_Fetch_Example.xcdatamodel */ = {isa = PBXFileReference; lastKnownFileType = wrapper.xcdatamodel; path = CoreData_Basic_Save_Fetch_Example.xcdatamodel; sourceTree = "<group>"; };
		5D65B0692C4615C800CC6D9C /* Assets.xcassets */ = {isa = PBXFileReference; lastKnownFileType = folder.assetcatalog; path = Assets.xcassets; sourceTree = "<group>"; };
		5D65B06C2C4615C800CC6D9C /* Base */ = {isa = PBXFileReference; lastKnownFileType = file.storyboard; name = Base; path = Base.lproj/LaunchScreen.storyboard; sourceTree = "<group>"; };
		5D65B06E2C4615C800CC6D9C /* Info.plist */ = {isa = PBXFileReference; lastKnownFileType = text.plist.xml; path = Info.plist; sourceTree = "<group>"; };
		5D65B0742C46169300CC6D9C /* ChildrenData+CoreDataClass.swift */ = {isa = PBXFileReference; lastKnownFileType = sourcecode.swift; path = "ChildrenData+CoreDataClass.swift"; sourceTree = "<group>"; };
		5D65B0752C46169300CC6D9C /* ChildrenData+CoreDataProperties.swift */ = {isa = PBXFileReference; lastKnownFileType = sourcecode.swift; path = "ChildrenData+CoreDataProperties.swift"; sourceTree = "<group>"; };
/* End PBXFileReference section */

/* Begin PBXFrameworksBuildPhase section */
		5D65B0572C4615C600CC6D9C /* Frameworks */ = {
			isa = PBXFrameworksBuildPhase;
			buildActionMask = 2147483647;
			files = (
			);
			runOnlyForDeploymentPostprocessing = 0;
		};
/* End PBXFrameworksBuildPhase section */

/* Begin PBXGroup section */
		5D65B0512C4615C600CC6D9C = {
			isa = PBXGroup;
			children = (
				5D65B05C2C4615C600CC6D9C /* CoreData Basic Save Fetch Example */,
				5D65B05B2C4615C600CC6D9C /* Products */,
			);
			sourceTree = "<group>";
		};
		5D65B05B2C4615C600CC6D9C /* Products */ = {
			isa = PBXGroup;
			children = (
				5D65B05A2C4615C600CC6D9C /* CoreData Basic Save Fetch Example.app */,
			);
			name = Products;
			sourceTree = "<group>";
		};
		5D65B05C2C4615C600CC6D9C /* CoreData Basic Save Fetch Example */ = {
			isa = PBXGroup;
			children = (
				5D65B05D2C4615C600CC6D9C /* AppDelegate.swift */,
				5D65B05F2C4615C600CC6D9C /* SceneDelegate.swift */,
				5D65B0752C46169300CC6D9C /* ChildrenData+CoreDataProperties.swift */,
				5D65B0742C46169300CC6D9C /* ChildrenData+CoreDataClass.swift */,
				5D65B0612C4615C600CC6D9C /* ViewController.swift */,
				5D65B0632C4615C600CC6D9C /* Main.storyboard */,
				5D65B0692C4615C800CC6D9C /* Assets.xcassets */,
				5D65B06B2C4615C800CC6D9C /* LaunchScreen.storyboard */,
				5D65B06E2C4615C800CC6D9C /* Info.plist */,
				5D65B0662C4615C600CC6D9C /* CoreData_Basic_Save_Fetch_Example.xcdatamodeld */,
			);
			path = "CoreData Basic Save Fetch Example";
			sourceTree = "<group>";
		};
/* End PBXGroup section */

/* Begin PBXNativeTarget section */
		5D65B0592C4615C600CC6D9C /* CoreData Basic Save Fetch Example */ = {
			isa = PBXNativeTarget;
			buildConfigurationList = 5D65B0712C4615C800CC6D9C /* Build configuration list for PBXNativeTarget "CoreData Basic Save Fetch Example" */;
			buildPhases = (
				5D65B0562C4615C600CC6D9C /* Sources */,
				5D65B0572C4615C600CC6D9C /* Frameworks */,
				5D65B0582C4615C600CC6D9C /* Resources */,
			);
			buildRules = (
			);
			dependencies = (
			);
			name = "CoreData Basic Save Fetch Example";
			productName = "CoreData Basic Save Fetch Example";
			productReference = 5D65B05A2C4615C600CC6D9C /* CoreData Basic Save Fetch Example.app */;
			productType = "com.apple.product-type.application";
		};
/* End PBXNativeTarget section */

/* Begin PBXProject section */
		5D65B0522C4615C600CC6D9C /* Project object */ = {
			isa = PBXProject;
			attributes = {
				BuildIndependentTargetsInParallel = 1;
				LastSwiftUpdateCheck = 1540;
				LastUpgradeCheck = 1540;
				TargetAttributes = {
					5D65B0592C4615C600CC6D9C = {
						CreatedOnToolsVersion = 15.4;
					};
				};
			};
			buildConfigurationList = 5D65B0552C4615C600CC6D9C /* Build configuration list for PBXProject "CoreData Basic Save Fetch Example" */;
			compatibilityVersion = "Xcode 14.0";
			developmentRegion = en;
			hasScannedForEncodings = 0;
			knownRegions = (
				en,
				Base,
			);
			mainGroup = 5D65B0512C4615C600CC6D9C;
			productRefGroup = 5D65B05B2C4615C600CC6D9C /* Products */;
			projectDirPath = "";
			projectRoot = "";
			targets = (
				5D65B0592C4615C600CC6D9C /* CoreData Basic Save Fetch Example */,
			);
		};
/* End PBXProject section */

/* Begin PBXResourcesBuildPhase section */
		5D65B0582C4615C600CC6D9C /* Resources */ = {
			isa = PBXResourcesBuildPhase;
			buildActionMask = 2147483647;
			files = (
				5D65B06A2C4615C800CC6D9C /* Assets.xcassets in Resources */,
				5D65B06D2C4615C800CC6D9C /* Base in Resources */,
				5D65B0652C4615C600CC6D9C /* Base in Resources */,
			);
			runOnlyForDeploymentPostprocessing = 0;
		};
/* End PBXResourcesBuildPhase section */

/* Begin PBXSourcesBuildPhase section */
		5D65B0562C4615C600CC6D9C /* Sources */ = {
			isa = PBXSourcesBuildPhase;
			buildActionMask = 2147483647;
			files = (
				5D65B0682C4615C600CC6D9C /* CoreData_Basic_Save_Fetch_Example.xcdatamodeld in Sources */,
				5D65B0762C46169300CC6D9C /* ChildrenData+CoreDataClass.swift in Sources */,
				5D65B0772C46169300CC6D9C /* ChildrenData+CoreDataProperties.swift in Sources */,
				5D65B0622C4615C600CC6D9C /* ViewController.swift in Sources */,
				5D65B05E2C4615C600CC6D9C /* AppDelegate.swift in Sources */,
				5D65B0602C4615C600CC6D9C /* SceneDelegate.swift in Sources */,
			);
			runOnlyForDeploymentPostprocessing = 0;
		};
/* End PBXSourcesBuildPhase section */

/* Begin PBXVariantGroup section */
		5D65B0632C4615C600CC6D9C /* Main.storyboard */ = {
			isa = PBXVariantGroup;
			children = (
				5D65B0642C4615C600CC6D9C /* Base */,
			);
			name = Main.storyboard;
			sourceTree = "<group>";
		};
		5D65B06B2C4615C800CC6D9C /* LaunchScreen.storyboard */ = {
			isa = PBXVariantGroup;
			children = (
				5D65B06C2C4615C800CC6D9C /* Base */,
			);
			name = LaunchScreen.storyboard;
			sourceTree = "<group>";
		};
/* End PBXVariantGroup section */

/* Begin XCBuildConfiguration section */
		5D65B06F2C4615C800CC6D9C /* Debug */ = {
			isa = XCBuildConfiguration;
			buildSettings = {
				ALWAYS_SEARCH_USER_PATHS = NO;
				ASSETCATALOG_COMPILER_GENERATE_SWIFT_ASSET_SYMBOL_EXTENSIONS = YES;
				CLANG_ANALYZER_NONNULL = YES;
				CLANG_ANALYZER_NUMBER_OBJECT_CONVERSION = YES_AGGRESSIVE;
				CLANG_CXX_LANGUAGE_STANDARD = "gnu++20";
				CLANG_ENABLE_MODULES = YES;
				CLANG_ENABLE_OBJC_ARC = YES;
				CLANG_ENABLE_OBJC_WEAK = YES;
				CLANG_WARN_BLOCK_CAPTURE_AUTORELEASING = YES;
				CLANG_WARN_BOOL_CONVERSION = YES;
				CLANG_WARN_COMMA = YES;
				CLANG_WARN_CONSTANT_CONVERSION = YES;
				CLANG_WARN_DEPRECATED_OBJC_IMPLEMENTATIONS = YES;
				CLANG_WARN_DIRECT_OBJC_ISA_USAGE = YES_ERROR;
				CLANG_WARN_DOCUMENTATION_COMMENTS = YES;
				CLANG_WARN_EMPTY_BODY = YES;
				CLANG_WARN_ENUM_CONVERSION = YES;
				CLANG_WARN_INFINITE_RECURSION = YES;
				CLANG_WARN_INT_CONVERSION = YES;
				CLANG_WARN_NON_LITERAL_NULL_CONVERSION = YES;
				CLANG_WARN_OBJC_IMPLICIT_RETAIN_SELF = YES;
				CLANG_WARN_OBJC_LITERAL_CONVERSION = YES;
				CLANG_WARN_OBJC_ROOT_CLASS = YES_ERROR;
				CLANG_WARN_QUOTED_INCLUDE_IN_FRAMEWORK_HEADER = YES;
				CLANG_WARN_RANGE_LOOP_ANALYSIS = YES;
				CLANG_WARN_STRICT_PROTOTYPES = YES;
				CLANG_WARN_SUSPICIOUS_MOVE = YES;
				CLANG_WARN_UNGUARDED_AVAILABILITY = YES_AGGRESSIVE;
				CLANG_WARN_UNREACHABLE_CODE = YES;
				CLANG_WARN__DUPLICATE_METHOD_MATCH = YES;
				COPY_PHASE_STRIP = NO;
				DEBUG_INFORMATION_FORMAT = dwarf;
				ENABLE_STRICT_OBJC_MSGSEND = YES;
				ENABLE_TESTABILITY = YES;
				ENABLE_USER_SCRIPT_SANDBOXING = YES;
				GCC_C_LANGUAGE_STANDARD = gnu17;
				GCC_DYNAMIC_NO_PIC = NO;
				GCC_NO_COMMON_BLOCKS = YES;
				GCC_OPTIMIZATION_LEVEL = 0;
				GCC_PREPROCESSOR_DEFINITIONS = (
					"DEBUG=1",
					"$(inherited)",
				);
				GCC_WARN_64_TO_32_BIT_CONVERSION = YES;
				GCC_WARN_ABOUT_RETURN_TYPE = YES_ERROR;
				GCC_WARN_UNDECLARED_SELECTOR = YES;
				GCC_WARN_UNINITIALIZED_AUTOS = YES_AGGRESSIVE;
				GCC_WARN_UNUSED_FUNCTION = YES;
				GCC_WARN_UNUSED_VARIABLE = YES;
				IPHONEOS_DEPLOYMENT_TARGET = 17.5;
				LOCALIZATION_PREFERS_STRING_CATALOGS = YES;
				MTL_ENABLE_DEBUG_INFO = INCLUDE_SOURCE;
				MTL_FAST_MATH = YES;
				ONLY_ACTIVE_ARCH = YES;
				SDKROOT = iphoneos;
				SWIFT_ACTIVE_COMPILATION_CONDITIONS = "DEBUG $(inherited)";
				SWIFT_OPTIMIZATION_LEVEL = "-Onone";
			};
			name = Debug;
		};
		5D65B0702C4615C800CC6D9C /* Release */ = {
			isa = XCBuildConfiguration;
			buildSettings = {
				ALWAYS_SEARCH_USER_PATHS = NO;
				ASSETCATALOG_COMPILER_GENERATE_SWIFT_ASSET_SYMBOL_EXTENSIONS = YES;
				CLANG_ANALYZER_NONNULL = YES;
				CLANG_ANALYZER_NUMBER_OBJECT_CONVERSION = YES_AGGRESSIVE;
				CLANG_CXX_LANGUAGE_STANDARD = "gnu++20";
				CLANG_ENABLE_MODULES = YES;
				CLANG_ENABLE_OBJC_ARC = YES;
				CLANG_ENABLE_OBJC_WEAK = YES;
				CLANG_WARN_BLOCK_CAPTURE_AUTORELEASING = YES;
				CLANG_WARN_BOOL_CONVERSION = YES;
				CLANG_WARN_COMMA = YES;
				CLANG_WARN_CONSTANT_CONVERSION = YES;
				CLANG_WARN_DEPRECATED_OBJC_IMPLEMENTATIONS = YES;
				CLANG_WARN_DIRECT_OBJC_ISA_USAGE = YES_ERROR;
				CLANG_WARN_DOCUMENTATION_COMMENTS = YES;
				CLANG_WARN_EMPTY_BODY = YES;
				CLANG_WARN_ENUM_CONVERSION = YES;
				CLANG_WARN_INFINITE_RECURSION = YES;
				CLANG_WARN_INT_CONVERSION = YES;
				CLANG_WARN_NON_LITERAL_NULL_CONVERSION = YES;
				CLANG_WARN_OBJC_IMPLICIT_RETAIN_SELF = YES;
				CLANG_WARN_OBJC_LITERAL_CONVERSION = YES;
				CLANG_WARN_OBJC_ROOT_CLASS = YES_ERROR;
				CLANG_WARN_QUOTED_INCLUDE_IN_FRAMEWORK_HEADER = YES;
				CLANG_WARN_RANGE_LOOP_ANALYSIS = YES;
				CLANG_WARN_STRICT_PROTOTYPES = YES;
				CLANG_WARN_SUSPICIOUS_MOVE = YES;
				CLANG_WARN_UNGUARDED_AVAILABILITY = YES_AGGRESSIVE;
				CLANG_WARN_UNREACHABLE_CODE = YES;
				CLANG_WARN__DUPLICATE_METHOD_MATCH = YES;
				COPY_PHASE_STRIP = NO;
				DEBUG_INFORMATION_FORMAT = "dwarf-with-dsym";
				ENABLE_NS_ASSERTIONS = NO;
				ENABLE_STRICT_OBJC_MSGSEND = YES;
				ENABLE_USER_SCRIPT_SANDBOXING = YES;
				GCC_C_LANGUAGE_STANDARD = gnu17;
				GCC_NO_COMMON_BLOCKS = YES;
				GCC_WARN_64_TO_32_BIT_CONVERSION = YES;
				GCC_WARN_ABOUT_RETURN_TYPE = YES_ERROR;
				GCC_WARN_UNDECLARED_SELECTOR = YES;
				GCC_WARN_UNINITIALIZED_AUTOS = YES_AGGRESSIVE;
				GCC_WARN_UNUSED_FUNCTION = YES;
				GCC_WARN_UNUSED_VARIABLE = YES;
				IPHONEOS_DEPLOYMENT_TARGET = 17.5;
				LOCALIZATION_PREFERS_STRING_CATALOGS = YES;
				MTL_ENABLE_DEBUG_INFO = NO;
				MTL_FAST_MATH = YES;
				SDKROOT = iphoneos;
				SWIFT_COMPILATION_MODE = wholemodule;
				VALIDATE_PRODUCT = YES;
			};
			name = Release;
		};
		5D65B0722C4615C800CC6D9C /* Debug */ = {
			isa = XCBuildConfiguration;
			buildSettings = {
				ASSETCATALOG_COMPILER_APPICON_NAME = AppIcon;
				ASSETCATALOG_COMPILER_GLOBAL_ACCENT_COLOR_NAME = AccentColor;
				CODE_SIGN_STYLE = Automatic;
				CURRENT_PROJECT_VERSION = 1;
				DEVELOPMENT_TEAM = G9YFLZDMRH;
				GENERATE_INFOPLIST_FILE = YES;
				INFOPLIST_FILE = "CoreData Basic Save Fetch Example/Info.plist";
				INFOPLIST_KEY_UIApplicationSupportsIndirectInputEvents = YES;
				INFOPLIST_KEY_UILaunchStoryboardName = LaunchScreen;
				INFOPLIST_KEY_UIMainStoryboardFile = Main;
				INFOPLIST_KEY_UISupportedInterfaceOrientations_iPad = "UIInterfaceOrientationPortrait UIInterfaceOrientationPortraitUpsideDown UIInterfaceOrientationLandscapeLeft UIInterfaceOrientationLandscapeRight";
				INFOPLIST_KEY_UISupportedInterfaceOrientations_iPhone = "UIInterfaceOrientationPortrait UIInterfaceOrientationLandscapeLeft UIInterfaceOrientationLandscapeRight";
				LD_RUNPATH_SEARCH_PATHS = (
					"$(inherited)",
					"@executable_path/Frameworks",
				);
				MARKETING_VERSION = 1.0;
				PRODUCT_BUNDLE_IDENTIFIER = "palashiosdeveloper-gmail.com.CoreData-Basic-Save-Fetch-Example";
				PRODUCT_NAME = "$(TARGET_NAME)";
				SWIFT_EMIT_LOC_STRINGS = YES;
				SWIFT_VERSION = 5.0;
				TARGETED_DEVICE_FAMILY = "1,2";
			};
			name = Debug;
		};
		5D65B0732C4615C800CC6D9C /* Release */ = {
			isa = XCBuildConfiguration;
			buildSettings = {
				ASSETCATALOG_COMPILER_APPICON_NAME = AppIcon;
				ASSETCATALOG_COMPILER_GLOBAL_ACCENT_COLOR_NAME = AccentColor;
				CODE_SIGN_STYLE = Automatic;
				CURRENT_PROJECT_VERSION = 1;
				DEVELOPMENT_TEAM = G9YFLZDMRH;
				GENERATE_INFOPLIST_FILE = YES;
				INFOPLIST_FILE = "CoreData Basic Save Fetch Example/Info.plist";
				INFOPLIST_KEY_UIApplicationSupportsIndirectInputEvents = YES;
				INFOPLIST_KEY_UILaunchStoryboardName = LaunchScreen;
				INFOPLIST_KEY_UIMainStoryboardFile = Main;
				INFOPLIST_KEY_UISupportedInterfaceOrientations_iPad = "UIInterfaceOrientationPortrait UIInterfaceOrientationPortraitUpsideDown UIInterfaceOrientationLandscapeLeft UIInterfaceOrientationLandscapeRight";
				INFOPLIST_KEY_UISupportedInterfaceOrientations_iPhone = "UIInterfaceOrientationPortrait UIInterfaceOrientationLandscapeLeft UIInterfaceOrientationLandscapeRight";
				LD_RUNPATH_SEARCH_PATHS = (
					"$(inherited)",
					"@executable_path/Frameworks",
				);
				MARKETING_VERSION = 1.0;
				PRODUCT_BUNDLE_IDENTIFIER = "palashiosdeveloper-gmail.com.CoreData-Basic-Save-Fetch-Example";
				PRODUCT_NAME = "$(TARGET_NAME)";
				SWIFT_EMIT_LOC_STRINGS = YES;
				SWIFT_VERSION = 5.0;
				TARGETED_DEVICE_FAMILY = "1,2";
			};
			name = Release;
		};
/* End XCBuildConfiguration section */

/* Begin XCConfigurationList section */
		5D65B0552C4615C600CC6D9C /* Build configuration list for PBXProject "CoreData Basic Save Fetch Example" */ = {
			isa = XCConfigurationList;
			buildConfigurations = (
				5D65B06F2C4615C800CC6D9C /* Debug */,
				5D65B0702C4615C800CC6D9C /* Release */,
			);
			defaultConfigurationIsVisible = 0;
			defaultConfigurationName = Release;
		};
		5D65B0712C4615C800CC6D9C /* Build configuration list for PBXNativeTarget "CoreData Basic Save Fetch Example" */ = {
			isa = XCConfigurationList;
			buildConfigurations = (
				5D65B0722C4615C800CC6D9C /* Debug */,
				5D65B0732C4615C800CC6D9C /* Release */,
			);
			defaultConfigurationIsVisible = 0;
			defaultConfigurationName = Release;
		};
/* End XCConfigurationList section */

/* Begin XCVersionGroup section */
		5D65B0662C4615C600CC6D9C /* CoreData_Basic_Save_Fetch_Example.xcdatamodeld */ = {
			isa = XCVersionGroup;
			children = (
				5D65B0672C4615C600CC6D9C /* CoreData_Basic_Save_Fetch_Example.xcdatamodel */,
			);
			currentVersion = 5D65B0672C4615C600CC6D9C /* CoreData_Basic_Save_Fetch_Example.xcdatamodel */;
			path = CoreData_Basic_Save_Fetch_Example.xcdatamodeld;
			sourceTree = "<group>";
			versionGroupType = wrapper.xcdatamodel;
		};
/* End XCVersionGroup section */
	};
	rootObject = 5D65B0522C4615C600CC6D9C /* Project object */;
}
